
Microsoft Visual Studio Solution File, Format Version 12.00
# Visual Studio Version 17
VisualStudioVersion = 17.4.33213.308
MinimumVisualStudioVersion = 10.0.40219.1
Project("{FAE04EC0-301F-11D3-BF4B-00C04F79EFBC}") = "Troubleshooting", "Troubleshooting\Troubleshooting.csproj", "{298FF09B-D3A3-48A6-BF57-3AD2435A54C3}"
EndProject
Project("{FAE04EC0-301F-11D3-BF4B-00C04F79EFBC}") = "Troubleshooting.UnitTests", "Troubleshooting.UnitTests\Troubleshooting.UnitTests.csproj", "{398FA590-CBA4-4177-A1B9-5C81E5310908}"
EndProject
Global
	GlobalSection(SolutionConfigurationPlatforms) = preSolution
		Debug|Any CPU = Debug|Any CPU
		Release|Any CPU = Release|Any CPU
	EndGlobalSection
	GlobalSection(ProjectConfigurationPlatforms) = postSolution
		{298FF09B-D3A3-48A6-BF57-3AD2435A54C3}.Debug|Any CPU.ActiveCfg = Debug|Any CPU
		{298FF09B-D3A3-48A6-BF57-3AD2435A54C3}.Debug|Any CPU.Build.0 = Debug|Any CPU
		{298FF09B-D3A3-48A6-BF57-3AD2435A54C3}.Release|Any CPU.ActiveCfg = Release|Any CPU
		{298FF09B-D3A3-48A6-BF57-3AD2435A54C3}.Release|Any CPU.Build.0 = Release|Any CPU
		{398FA590-CBA4-4177-A1B9-5C81E5310908}.Debug|Any CPU.ActiveCfg = Debug|Any CPU
		{398FA590-CBA4-4177-A1B9-5C81E5310908}.Debug|Any CPU.Build.0 = Debug|Any CPU
		{398FA590-CBA4-4177-A1B9-5C81E5310908}.Release|Any CPU.ActiveCfg = Release|Any CPU
		{398FA590-CBA4-4177-A1B9-5C81E5310908}.Release|Any CPU.Build.0 = Release|Any CPU
	EndGlobalSection
	GlobalSection(SolutionProperties) = preSolution
		HideSolutionNode = FALSE
	EndGlobalSection
	GlobalSection(ExtensibilityGlobals) = postSolution
		SolutionGuid = {A3911C15-CB6C-4D94-8E35-5492AD019340}
	EndGlobalSection
EndGlobal
